
Microsoft Visual Studio Solution File, Format Version 12.00
# Visual Studio 15
VisualStudioVersion = 15.0.28307.168
MinimumVisualStudioVersion = 10.0.40219.1
Project("{FAE04EC0-301F-11D3-BF4B-00C04F79EFBC}") = "ConsoleApp20", "ConsoleApp20\ConsoleApp20.csproj", "{994D4391-B356-4C05-B642-4C27D9C3CD03}"
EndProject
Global
	GlobalSection(SolutionConfigurationPlatforms) = preSolution
		Debug|Any CPU = Debug|Any CPU
		Release|Any CPU = Release|Any CPU
	EndGlobalSection
	GlobalSection(ProjectConfigurationPlatforms) = postSolution
		{994D4391-B356-4C05-B642-4C27D9C3CD03}.Debug|Any CPU.ActiveCfg = Debug|Any CPU
		{994D4391-B356-4C05-B642-4C27D9C3CD03}.Debug|Any CPU.Build.0 = Debug|Any CPU
		{994D4391-B356-4C05-B642-4C27D9C3CD03}.Release|Any CPU.ActiveCfg = Release|Any CPU
		{994D4391-B356-4C05-B642-4C27D9C3CD03}.Release|Any CPU.Build.0 = Release|Any CPU
	EndGlobalSection
	GlobalSection(SolutionProperties) = preSolution
		HideSolutionNode = FALSE
	EndGlobalSection
	GlobalSection(ExtensibilityGlobals) = postSolution
		SolutionGuid = {A250764B-CCD4-41F9-806B-FF73C50CC8F2}
	EndGlobalSection
EndGlobal
